// !$*UTF8*$!
{
	archiveVersion = 1;
	classes = {
	};
	objectVersion = 46;
	objects = {

/* Begin PBXBuildFile section */
		BB05B0F01EA07A5C0084EA1D /* AIConsultStock.h in Headers */ = {isa = PBXBuildFile; fileRef = BB05B0EE1EA07A5C0084EA1D /* AIConsultStock.h */; settings = {ATTRIBUTES = (Public, ); }; };
		BB05B0F11EA07A5C0084EA1D /* AIConsultStock.m in Sources */ = {isa = PBXBuildFile; fileRef = BB05B0EF1EA07A5C0084EA1D /* AIConsultStock.m */; };
		BB05B0F41EA07A860084EA1D /* MarginTrade.h in Headers */ = {isa = PBXBuildFile; fileRef = BB05B0F21EA07A860084EA1D /* MarginTrade.h */; settings = {ATTRIBUTES = (Public, ); }; };
		BB05B0F51EA07A860084EA1D /* MarginTrade.m in Sources */ = {isa = PBXBuildFile; fileRef = BB05B0F31EA07A860084EA1D /* MarginTrade.m */; };
		BB3DCD261E66CC8B008BDFA4 /* DTSBEC.h in Headers */ = {isa = PBXBuildFile; fileRef = BB3DCD241E66CC8B008BDFA4 /* DTSBEC.h */; settings = {ATTRIBUTES = (Public, ); }; };
		BB3DCD841E66CCCC008BDFA4 /* Account.h in Headers */ = {isa = PBXBuildFile; fileRef = BB3DCD2C1E66CCCC008BDFA4 /* Account.h */; settings = {ATTRIBUTES = (Public, ); }; };
		BB3DCD851E66CCCC008BDFA4 /* Account.m in Sources */ = {isa = PBXBuildFile; fileRef = BB3DCD2D1E66CCCC008BDFA4 /* Account.m */; };
		BB3DCD861E66CCCC008BDFA4 /* AccountCache.h in Headers */ = {isa = PBXBuildFile; fileRef = BB3DCD2E1E66CCCC008BDFA4 /* AccountCache.h */; settings = {ATTRIBUTES = (Public, ); }; };
		BB3DCD871E66CCCC008BDFA4 /* AccountCache.m in Sources */ = {isa = PBXBuildFile; fileRef = BB3DCD2F1E66CCCC008BDFA4 /* AccountCache.m */; };
		BB3DCD881E66CCCC008BDFA4 /* AccountInterface.h in Headers */ = {isa = PBXBuildFile; fileRef = BB3DCD301E66CCCC008BDFA4 /* AccountInterface.h */; settings = {ATTRIBUTES = (Public, ); }; };
		BB3DCD891E66CCCC008BDFA4 /* AccountInterface.m in Sources */ = {isa = PBXBuildFile; fileRef = BB3DCD311E66CCCC008BDFA4 /* AccountInterface.m */; };
		BB3DCD8A1E66CCCC008BDFA4 /* AccuPoint.h in Headers */ = {isa = PBXBuildFile; fileRef = BB3DCD321E66CCCC008BDFA4 /* AccuPoint.h */; settings = {ATTRIBUTES = (Public, ); }; };
		BB3DCD8B1E66CCCC008BDFA4 /* AccuPoint.m in Sources */ = {isa = PBXBuildFile; fileRef = BB3DCD331E66CCCC008BDFA4 /* AccuPoint.m */; };
		BB3DCD8C1E66CCCC008BDFA4 /* AdminReg.h in Headers */ = {isa = PBXBuildFile; fileRef = BB3DCD341E66CCCC008BDFA4 /* AdminReg.h */; settings = {ATTRIBUTES = (Public, ); }; };
		BB3DCD8D1E66CCCC008BDFA4 /* AdminReg.m in Sources */ = {isa = PBXBuildFile; fileRef = BB3DCD351E66CCCC008BDFA4 /* AdminReg.m */; };
		BB3DCD8E1E66CCCC008BDFA4 /* Alert.h in Headers */ = {isa = PBXBuildFile; fileRef = BB3DCD361E66CCCC008BDFA4 /* Alert.h */; settings = {ATTRIBUTES = (Public, ); }; };
		BB3DCD8F1E66CCCC008BDFA4 /* Alert.m in Sources */ = {isa = PBXBuildFile; fileRef = BB3DCD371E66CCCC008BDFA4 /* Alert.m */; };
		BB3DCD901E66CCCC008BDFA4 /* AppConfig.h in Headers */ = {isa = PBXBuildFile; fileRef = BB3DCD381E66CCCC008BDFA4 /* AppConfig.h */; settings = {ATTRIBUTES = (Public, ); }; };
		BB3DCD911E66CCCC008BDFA4 /* AppConfig.m in Sources */ = {isa = PBXBuildFile; fileRef = BB3DCD391E66CCCC008BDFA4 /* AppConfig.m */; };
		BB3DCD921E66CCCC008BDFA4 /* Beacon.h in Headers */ = {isa = PBXBuildFile; fileRef = BB3DCD3A1E66CCCC008BDFA4 /* Beacon.h */; settings = {ATTRIBUTES = (Public, ); }; };
		BB3DCD931E66CCCC008BDFA4 /* Beacon.m in Sources */ = {isa = PBXBuildFile; fileRef = BB3DCD3B1E66CCCC008BDFA4 /* Beacon.m */; };
		BB3DCD941E66CCCC008BDFA4 /* BECHeader.h in Headers */ = {isa = PBXBuildFile; fileRef = BB3DCD3C1E66CCCC008BDFA4 /* BECHeader.h */; settings = {ATTRIBUTES = (Public, ); }; };
		BB3DCD951E66CCCC008BDFA4 /* Check.h in Headers */ = {isa = PBXBuildFile; fileRef = BB3DCD3D1E66CCCC008BDFA4 /* Check.h */; settings = {ATTRIBUTES = (Public, ); }; };
		BB3DCD961E66CCCC008BDFA4 /* Check.m in Sources */ = {isa = PBXBuildFile; fileRef = BB3DCD3E1E66CCCC008BDFA4 /* Check.m */; };
		BB3DCD971E66CCCC008BDFA4 /* DbBase.h in Headers */ = {isa = PBXBuildFile; fileRef = BB3DCD3F1E66CCCC008BDFA4 /* DbBase.h */; settings = {ATTRIBUTES = (Public, ); }; };
		BB3DCD981E66CCCC008BDFA4 /* DbBase.m in Sources */ = {isa = PBXBuildFile; fileRef = BB3DCD401E66CCCC008BDFA4 /* DbBase.m */; };
		BB3DCD991E66CCCC008BDFA4 /* DbSync.h in Headers */ = {isa = PBXBuildFile; fileRef = BB3DCD411E66CCCC008BDFA4 /* DbSync.h */; settings = {ATTRIBUTES = (Public, ); }; };
		BB3DCD9A1E66CCCC008BDFA4 /* DbSync.m in Sources */ = {isa = PBXBuildFile; fileRef = BB3DCD421E66CCCC008BDFA4 /* DbSync.m */; };
		BB3DCD9B1E66CCCC008BDFA4 /* DtGoldenStock.h in Headers */ = {isa = PBXBuildFile; fileRef = BB3DCD431E66CCCC008BDFA4 /* DtGoldenStock.h */; settings = {ATTRIBUTES = (Public, ); }; };
		BB3DCD9C1E66CCCC008BDFA4 /* DtGoldenStock.m in Sources */ = {isa = PBXBuildFile; fileRef = BB3DCD441E66CCCC008BDFA4 /* DtGoldenStock.m */; };
		BB3DCD9D1E66CCCC008BDFA4 /* DtLive.h in Headers */ = {isa = PBXBuildFile; fileRef = BB3DCD451E66CCCC008BDFA4 /* DtLive.h */; settings = {ATTRIBUTES = (Public, ); }; };
		BB3DCD9E1E66CCCC008BDFA4 /* DtLive.m in Sources */ = {isa = PBXBuildFile; fileRef = BB3DCD461E66CCCC008BDFA4 /* DtLive.m */; };
		BB3DCD9F1E66CCCC008BDFA4 /* DtPay.h in Headers */ = {isa = PBXBuildFile; fileRef = BB3DCD471E66CCCC008BDFA4 /* DtPay.h */; settings = {ATTRIBUTES = (Public, ); }; };
		BB3DCDA01E66CCCC008BDFA4 /* DtPay.m in Sources */ = {isa = PBXBuildFile; fileRef = BB3DCD481E66CCCC008BDFA4 /* DtPay.m */; };
		BB3DCDA11E66CCCC008BDFA4 /* Favor.h in Headers */ = {isa = PBXBuildFile; fileRef = BB3DCD491E66CCCC008BDFA4 /* Favor.h */; settings = {ATTRIBUTES = (Public, ); }; };
		BB3DCDA21E66CCCC008BDFA4 /* Favor.m in Sources */ = {isa = PBXBuildFile; fileRef = BB3DCD4A1E66CCCC008BDFA4 /* Favor.m */; };
		BB3DCDA31E66CCCC008BDFA4 /* Feed.h in Headers */ = {isa = PBXBuildFile; fileRef = BB3DCD4B1E66CCCC008BDFA4 /* Feed.h */; settings = {ATTRIBUTES = (Public, ); }; };
		BB3DCDA41E66CCCC008BDFA4 /* Feed.m in Sources */ = {isa = PBXBuildFile; fileRef = BB3DCD4C1E66CCCC008BDFA4 /* Feed.m */; };
		BB3DCDA51E66CCCC008BDFA4 /* FileAccess.h in Headers */ = {isa = PBXBuildFile; fileRef = BB3DCD4D1E66CCCC008BDFA4 /* FileAccess.h */; settings = {ATTRIBUTES = (Public, ); }; };
		BB3DCDA61E66CCCC008BDFA4 /* FileAccess.m in Sources */ = {isa = PBXBuildFile; fileRef = BB3DCD4E1E66CCCC008BDFA4 /* FileAccess.m */; };
		BB3DCDA71E66CCCC008BDFA4 /* FreqLimit.h in Headers */ = {isa = PBXBuildFile; fileRef = BB3DCD4F1E66CCCC008BDFA4 /* FreqLimit.h */; settings = {ATTRIBUTES = (Public, ); }; };
		BB3DCDA81E66CCCC008BDFA4 /* FreqLimit.m in Sources */ = {isa = PBXBuildFile; fileRef = BB3DCD501E66CCCC008BDFA4 /* FreqLimit.m */; };
		BB3DCDA91E66CCCC008BDFA4 /* ImportHeader.sh in Resources */ = {isa = PBXBuildFile; fileRef = BB3DCD511E66CCCC008BDFA4 /* ImportHeader.sh */; };
		BB3DCDAA1E66CCCC008BDFA4 /* JsonResult.h in Headers */ = {isa = PBXBuildFile; fileRef = BB3DCD521E66CCCC008BDFA4 /* JsonResult.h */; settings = {ATTRIBUTES = (Public, ); }; };
		BB3DCDAB1E66CCCC008BDFA4 /* JsonResult.m in Sources */ = {isa = PBXBuildFile; fileRef = BB3DCD531E66CCCC008BDFA4 /* JsonResult.m */; };
		BB3DCDAC1E66CCCC008BDFA4 /* KLine.h in Headers */ = {isa = PBXBuildFile; fileRef = BB3DCD541E66CCCC008BDFA4 /* KLine.h */; settings = {ATTRIBUTES = (Public, ); }; };
		BB3DCDAD1E66CCCC008BDFA4 /* KLine.m in Sources */ = {isa = PBXBuildFile; fileRef = BB3DCD551E66CCCC008BDFA4 /* KLine.m */; };
		BB3DCDAE1E66CCCC008BDFA4 /* LogQuery.h in Headers */ = {isa = PBXBuildFile; fileRef = BB3DCD561E66CCCC008BDFA4 /* LogQuery.h */; settings = {ATTRIBUTES = (Public, ); }; };
		BB3DCDAF1E66CCCC008BDFA4 /* LogQuery.m in Sources */ = {isa = PBXBuildFile; fileRef = BB3DCD571E66CCCC008BDFA4 /* LogQuery.m */; };
		BB3DCDB01E66CCCC008BDFA4 /* LogReport.h in Headers */ = {isa = PBXBuildFile; fileRef = BB3DCD581E66CCCC008BDFA4 /* LogReport.h */; settings = {ATTRIBUTES = (Public, ); }; };
		BB3DCDB11E66CCCC008BDFA4 /* LogReport.m in Sources */ = {isa = PBXBuildFile; fileRef = BB3DCD591E66CCCC008BDFA4 /* LogReport.m */; };
		BB3DCDB21E66CCCC008BDFA4 /* MarketAlert.h in Headers */ = {isa = PBXBuildFile; fileRef = BB3DCD5A1E66CCCC008BDFA4 /* MarketAlert.h */; settings = {ATTRIBUTES = (Public, ); }; };
		BB3DCDB31E66CCCC008BDFA4 /* MarketAlert.m in Sources */ = {isa = PBXBuildFile; fileRef = BB3DCD5B1E66CCCC008BDFA4 /* MarketAlert.m */; };
		BB3DCDB41E66CCCC008BDFA4 /* News.h in Headers */ = {isa = PBXBuildFile; fileRef = BB3DCD5C1E66CCCC008BDFA4 /* News.h */; settings = {ATTRIBUTES = (Public, ); }; };
		BB3DCDB51E66CCCC008BDFA4 /* News.m in Sources */ = {isa = PBXBuildFile; fileRef = BB3DCD5D1E66CCCC008BDFA4 /* News.m */; };
		BB3DCDB61E66CCCC008BDFA4 /* NewsInfo.h in Headers */ = {isa = PBXBuildFile; fileRef = BB3DCD5E1E66CCCC008BDFA4 /* NewsInfo.h */; settings = {ATTRIBUTES = (Public, ); }; };
		BB3DCDB71E66CCCC008BDFA4 /* NewsInfo.m in Sources */ = {isa = PBXBuildFile; fileRef = BB3DCD5F1E66CCCC008BDFA4 /* NewsInfo.m */; };
		BB3DCDB81E66CCCC008BDFA4 /* Notification.h in Headers */ = {isa = PBXBuildFile; fileRef = BB3DCD601E66CCCC008BDFA4 /* Notification.h */; settings = {ATTRIBUTES = (Public, ); }; };
		BB3DCDB91E66CCCC008BDFA4 /* Notification.m in Sources */ = {isa = PBXBuildFile; fileRef = BB3DCD611E66CCCC008BDFA4 /* Notification.m */; };
		BB3DCDBA1E66CCCC008BDFA4 /* OssAccess.h in Headers */ = {isa = PBXBuildFile; fileRef = BB3DCD621E66CCCC008BDFA4 /* OssAccess.h */; settings = {ATTRIBUTES = (Public, ); }; };
		BB3DCDBB1E66CCCC008BDFA4 /* OssAccess.m in Sources */ = {isa = PBXBuildFile; fileRef = BB3DCD631E66CCCC008BDFA4 /* OssAccess.m */; };
		BB3DCDBC1E66CCCC008BDFA4 /* PePb.h in Headers */ = {isa = PBXBuildFile; fileRef = BB3DCD641E66CCCC008BDFA4 /* PePb.h */; settings = {ATTRIBUTES = (Public, ); }; };
		BB3DCDBD1E66CCCC008BDFA4 /* PePb.m in Sources */ = {isa = PBXBuildFile; fileRef = BB3DCD651E66CCCC008BDFA4 /* PePb.m */; };
		BB3DCDBE1E66CCCC008BDFA4 /* Portfolio.h in Headers */ = {isa = PBXBuildFile; fileRef = BB3DCD661E66CCCC008BDFA4 /* Portfolio.h */; settings = {ATTRIBUTES = (Public, ); }; };
		BB3DCDBF1E66CCCC008BDFA4 /* Portfolio.m in Sources */ = {isa = PBXBuildFile; fileRef = BB3DCD671E66CCCC008BDFA4 /* Portfolio.m */; };
		BB3DCDC01E66CCCC008BDFA4 /* PushControl.h in Headers */ = {isa = PBXBuildFile; fileRef = BB3DCD681E66CCCC008BDFA4 /* PushControl.h */; settings = {ATTRIBUTES = (Public, ); }; };
		BB3DCDC11E66CCCC008BDFA4 /* PushControl.m in Sources */ = {isa = PBXBuildFile; fileRef = BB3DCD691E66CCCC008BDFA4 /* PushControl.m */; };
		BB3DCDC21E66CCCC008BDFA4 /* PushStatus.h in Headers */ = {isa = PBXBuildFile; fileRef = BB3DCD6A1E66CCCC008BDFA4 /* PushStatus.h */; settings = {ATTRIBUTES = (Public, ); }; };
		BB3DCDC31E66CCCC008BDFA4 /* PushStatus.m in Sources */ = {isa = PBXBuildFile; fileRef = BB3DCD6B1E66CCCC008BDFA4 /* PushStatus.m */; };
		BB3DCDC41E66CCCC008BDFA4 /* Quote.h in Headers */ = {isa = PBXBuildFile; fileRef = BB3DCD6C1E66CCCC008BDFA4 /* Quote.h */; settings = {ATTRIBUTES = (Public, ); }; };
		BB3DCDC51E66CCCC008BDFA4 /* Quote.m in Sources */ = {isa = PBXBuildFile; fileRef = BB3DCD6D1E66CCCC008BDFA4 /* Quote.m */; };
		BB3DCDC61E66CCCC008BDFA4 /* Search.h in Headers */ = {isa = PBXBuildFile; fileRef = BB3DCD6E1E66CCCC008BDFA4 /* Search.h */; settings = {ATTRIBUTES = (Public, ); }; };
		BB3DCDC71E66CCCC008BDFA4 /* Search.m in Sources */ = {isa = PBXBuildFile; fileRef = BB3DCD6F1E66CCCC008BDFA4 /* Search.m */; };
		BB3DCDC81E66CCCC008BDFA4 /* SecBase.h in Headers */ = {isa = PBXBuildFile; fileRef = BB3DCD701E66CCCC008BDFA4 /* SecBase.h */; settings = {ATTRIBUTES = (Public, ); }; };
		BB3DCDC91E66CCCC008BDFA4 /* SecBase.m in Sources */ = {isa = PBXBuildFile; fileRef = BB3DCD711E66CCCC008BDFA4 /* SecBase.m */; };
		BB3DCDCA1E66CCCC008BDFA4 /* Singal.h in Headers */ = {isa = PBXBuildFile; fileRef = BB3DCD721E66CCCC008BDFA4 /* Singal.h */; settings = {ATTRIBUTES = (Public, ); }; };
		BB3DCDCB1E66CCCC008BDFA4 /* Singal.m in Sources */ = {isa = PBXBuildFile; fileRef = BB3DCD731E66CCCC008BDFA4 /* Singal.m */; };
		BB3DCDCC1E66CCCC008BDFA4 /* Stat.h in Headers */ = {isa = PBXBuildFile; fileRef = BB3DCD741E66CCCC008BDFA4 /* Stat.h */; settings = {ATTRIBUTES = (Public, ); }; };
		BB3DCDCD1E66CCCC008BDFA4 /* Stat.m in Sources */ = {isa = PBXBuildFile; fileRef = BB3DCD751E66CCCC008BDFA4 /* Stat.m */; };
		BB3DCDCE1E66CCCC008BDFA4 /* TextProcess.h in Headers */ = {isa = PBXBuildFile; fileRef = BB3DCD761E66CCCC008BDFA4 /* TextProcess.h */; settings = {ATTRIBUTES = (Public, ); }; };
		BB3DCDCF1E66CCCC008BDFA4 /* TextProcess.m in Sources */ = {isa = PBXBuildFile; fileRef = BB3DCD771E66CCCC008BDFA4 /* TextProcess.m */; };
		BB3DCDD01E66CCCC008BDFA4 /* Upgrade.h in Headers */ = {isa = PBXBuildFile; fileRef = BB3DCD781E66CCCC008BDFA4 /* Upgrade.h */; settings = {ATTRIBUTES = (Public, ); }; };
		BB3DCDD11E66CCCC008BDFA4 /* Upgrade.m in Sources */ = {isa = PBXBuildFile; fileRef = BB3DCD791E66CCCC008BDFA4 /* Upgrade.m */; };
		BB3DCDD21E66CCCC008BDFA4 /* UploadApp.h in Headers */ = {isa = PBXBuildFile; fileRef = BB3DCD7A1E66CCCC008BDFA4 /* UploadApp.h */; settings = {ATTRIBUTES = (Public, ); }; };
		BB3DCDD31E66CCCC008BDFA4 /* UploadApp.m in Sources */ = {isa = PBXBuildFile; fileRef = BB3DCD7B1E66CCCC008BDFA4 /* UploadApp.m */; };
		BB3DCDD41E66CCCC008BDFA4 /* UserPortfolio.h in Headers */ = {isa = PBXBuildFile; fileRef = BB3DCD7C1E66CCCC008BDFA4 /* UserPortfolio.h */; settings = {ATTRIBUTES = (Public, ); }; };
		BB3DCDD51E66CCCC008BDFA4 /* UserPortfolio.m in Sources */ = {isa = PBXBuildFile; fileRef = BB3DCD7D1E66CCCC008BDFA4 /* UserPortfolio.m */; };
		BB3DCDD61E66CCCC008BDFA4 /* Video.h in Headers */ = {isa = PBXBuildFile; fileRef = BB3DCD7E1E66CCCC008BDFA4 /* Video.h */; settings = {ATTRIBUTES = (Public, ); }; };
		BB3DCDD71E66CCCC008BDFA4 /* Video.m in Sources */ = {isa = PBXBuildFile; fileRef = BB3DCD7F1E66CCCC008BDFA4 /* Video.m */; };
		BB3DCDD81E66CCCC008BDFA4 /* YunWeb.h in Headers */ = {isa = PBXBuildFile; fileRef = BB3DCD801E66CCCC008BDFA4 /* YunWeb.h */; settings = {ATTRIBUTES = (Public, ); }; };
		BB3DCDD91E66CCCC008BDFA4 /* YunWeb.m in Sources */ = {isa = PBXBuildFile; fileRef = BB3DCD811E66CCCC008BDFA4 /* YunWeb.m */; };
		BB3DCDDA1E66CCCC008BDFA4 /* ZipStore.h in Headers */ = {isa = PBXBuildFile; fileRef = BB3DCD821E66CCCC008BDFA4 /* ZipStore.h */; settings = {ATTRIBUTES = (Public, ); }; };
		BB3DCDDB1E66CCCC008BDFA4 /* ZipStore.m in Sources */ = {isa = PBXBuildFile; fileRef = BB3DCD831E66CCCC008BDFA4 /* ZipStore.m */; };
		BB78E6821ECA9422007BD7C7 /* DtTemp.h in Headers */ = {isa = PBXBuildFile; fileRef = BB78E6801ECA9422007BD7C7 /* DtTemp.h */; settings = {ATTRIBUTES = (Public, ); }; };
		BB78E6831ECA9422007BD7C7 /* DtTemp.m in Sources */ = {isa = PBXBuildFile; fileRef = BB78E6811ECA9422007BD7C7 /* DtTemp.m */; };
		BB78E6851ECAF642007BD7C7 /* InvestSuggestionComm.h in Headers */ = {isa = PBXBuildFile; fileRef = BB78E6841ECAF642007BD7C7 /* InvestSuggestionComm.h */; settings = {ATTRIBUTES = (Public, ); }; };
		BB78E6871ECAF652007BD7C7 /* InvestSuggestionComm.m in Sources */ = {isa = PBXBuildFile; fileRef = BB78E6861ECAF652007BD7C7 /* InvestSuggestionComm.m */; };
		BBD83CA01F6633A100A261C8 /* IntelliRecom.h in Headers */ = {isa = PBXBuildFile; fileRef = BBD83C9E1F6633A100A261C8 /* IntelliRecom.h */; settings = {ATTRIBUTES = (Public, ); }; };
		BBD83CA11F6633A100A261C8 /* IntelliRecom.m in Sources */ = {isa = PBXBuildFile; fileRef = BBD83C9F1F6633A100A261C8 /* IntelliRecom.m */; };
		D77608CB6813954B8CEC8980 /* Pods_DTSBEC.framework in Frameworks */ = {isa = PBXBuildFile; fileRef = AEE6D60DCB56572EF72B3323 /* Pods_DTSBEC.framework */; };
/* End PBXBuildFile section */

/* Begin PBXFileReference section */
		9328DB1D686A5FD7B9E5B1EC /* Pods-DTSBEC.debug.xcconfig */ = {isa = PBXFileReference; includeInIndex = 1; lastKnownFileType = text.xcconfig; name = "Pods-DTSBEC.debug.xcconfig"; path = "Pods/Target Support Files/Pods-DTSBEC/Pods-DTSBEC.debug.xcconfig"; sourceTree = "<group>"; };
		AEE6D60DCB56572EF72B3323 /* Pods_DTSBEC.framework */ = {isa = PBXFileReference; explicitFileType = wrapper.framework; includeInIndex = 0; path = Pods_DTSBEC.framework; sourceTree = BUILT_PRODUCTS_DIR; };
		BA09EB6867A7470B57778619 /* Pods-DTSBEC.release.xcconfig */ = {isa = PBXFileReference; includeInIndex = 1; lastKnownFileType = text.xcconfig; name = "Pods-DTSBEC.release.xcconfig"; path = "Pods/Target Support Files/Pods-DTSBEC/Pods-DTSBEC.release.xcconfig"; sourceTree = "<group>"; };
		BB05B0EE1EA07A5C0084EA1D /* AIConsultStock.h */ = {isa = PBXFileReference; fileEncoding = 4; lastKnownFileType = sourcecode.c.h; path = AIConsultStock.h; sourceTree = "<group>"; };
		BB05B0EF1EA07A5C0084EA1D /* AIConsultStock.m */ = {isa = PBXFileReference; fileEncoding = 4; lastKnownFileType = sourcecode.c.objc; path = AIConsultStock.m; sourceTree = "<group>"; };
		BB05B0F21EA07A860084EA1D /* MarginTrade.h */ = {isa = PBXFileReference; fileEncoding = 4; lastKnownFileType = sourcecode.c.h; path = MarginTrade.h; sourceTree = "<group>"; };
		BB05B0F31EA07A860084EA1D /* MarginTrade.m */ = {isa = PBXFileReference; fileEncoding = 4; lastKnownFileType = sourcecode.c.objc; path = MarginTrade.m; sourceTree = "<group>"; };
		BB3DCD211E66CC8B008BDFA4 /* DTSBEC.framework */ = {isa = PBXFileReference; explicitFileType = wrapper.framework; includeInIndex = 0; path = DTSBEC.framework; sourceTree = BUILT_PRODUCTS_DIR; };
		BB3DCD241E66CC8B008BDFA4 /* DTSBEC.h */ = {isa = PBXFileReference; lastKnownFileType = sourcecode.c.h; path = DTSBEC.h; sourceTree = "<group>"; };
		BB3DCD251E66CC8B008BDFA4 /* Info.plist */ = {isa = PBXFileReference; lastKnownFileType = text.plist.xml; path = Info.plist; sourceTree = "<group>"; };
		BB3DCD2C1E66CCCC008BDFA4 /* Account.h */ = {isa = PBXFileReference; fileEncoding = 4; lastKnownFileType = sourcecode.c.h; path = Account.h; sourceTree = "<group>"; };
		BB3DCD2D1E66CCCC008BDFA4 /* Account.m */ = {isa = PBXFileReference; fileEncoding = 4; lastKnownFileType = sourcecode.c.objc; path = Account.m; sourceTree = "<group>"; };
		BB3DCD2E1E66CCCC008BDFA4 /* AccountCache.h */ = {isa = PBXFileReference; fileEncoding = 4; lastKnownFileType = sourcecode.c.h; path = AccountCache.h; sourceTree = "<group>"; };
		BB3DCD2F1E66CCCC008BDFA4 /* AccountCache.m */ = {isa = PBXFileReference; fileEncoding = 4; lastKnownFileType = sourcecode.c.objc; path = AccountCache.m; sourceTree = "<group>"; };
		BB3DCD301E66CCCC008BDFA4 /* AccountInterface.h */ = {isa = PBXFileReference; fileEncoding = 4; lastKnownFileType = sourcecode.c.h; path = AccountInterface.h; sourceTree = "<group>"; };
		BB3DCD311E66CCCC008BDFA4 /* AccountInterface.m */ = {isa = PBXFileReference; fileEncoding = 4; lastKnownFileType = sourcecode.c.objc; path = AccountInterface.m; sourceTree = "<group>"; };
		BB3DCD321E66CCCC008BDFA4 /* AccuPoint.h */ = {isa = PBXFileReference; fileEncoding = 4; lastKnownFileType = sourcecode.c.h; path = AccuPoint.h; sourceTree = "<group>"; };
		BB3DCD331E66CCCC008BDFA4 /* AccuPoint.m */ = {isa = PBXFileReference; fileEncoding = 4; lastKnownFileType = sourcecode.c.objc; path = AccuPoint.m; sourceTree = "<group>"; };
		BB3DCD341E66CCCC008BDFA4 /* AdminReg.h */ = {isa = PBXFileReference; fileEncoding = 4; lastKnownFileType = sourcecode.c.h; path = AdminReg.h; sourceTree = "<group>"; };
		BB3DCD351E66CCCC008BDFA4 /* AdminReg.m */ = {isa = PBXFileReference; fileEncoding = 4; lastKnownFileType = sourcecode.c.objc; path = AdminReg.m; sourceTree = "<group>"; };
		BB3DCD361E66CCCC008BDFA4 /* Alert.h */ = {isa = PBXFileReference; fileEncoding = 4; lastKnownFileType = sourcecode.c.h; path = Alert.h; sourceTree = "<group>"; };
		BB3DCD371E66CCCC008BDFA4 /* Alert.m */ = {isa = PBXFileReference; fileEncoding = 4; lastKnownFileType = sourcecode.c.objc; path = Alert.m; sourceTree = "<group>"; };
		BB3DCD381E66CCCC008BDFA4 /* AppConfig.h */ = {isa = PBXFileReference; fileEncoding = 4; lastKnownFileType = sourcecode.c.h; path = AppConfig.h; sourceTree = "<group>"; };
		BB3DCD391E66CCCC008BDFA4 /* AppConfig.m */ = {isa = PBXFileReference; fileEncoding = 4; lastKnownFileType = sourcecode.c.objc; path = AppConfig.m; sourceTree = "<group>"; };
		BB3DCD3A1E66CCCC008BDFA4 /* Beacon.h */ = {isa = PBXFileReference; fileEncoding = 4; lastKnownFileType = sourcecode.c.h; path = Beacon.h; sourceTree = "<group>"; };
		BB3DCD3B1E66CCCC008BDFA4 /* Beacon.m */ = {isa = PBXFileReference; fileEncoding = 4; lastKnownFileType = sourcecode.c.objc; path = Beacon.m; sourceTree = "<group>"; };
		BB3DCD3C1E66CCCC008BDFA4 /* BECHeader.h */ = {isa = PBXFileReference; fileEncoding = 4; lastKnownFileType = sourcecode.c.h; path = BECHeader.h; sourceTree = "<group>"; };
		BB3DCD3D1E66CCCC008BDFA4 /* Check.h */ = {isa = PBXFileReference; fileEncoding = 4; lastKnownFileType = sourcecode.c.h; path = Check.h; sourceTree = "<group>"; };
		BB3DCD3E1E66CCCC008BDFA4 /* Check.m */ = {isa = PBXFileReference; fileEncoding = 4; lastKnownFileType = sourcecode.c.objc; path = Check.m; sourceTree = "<group>"; };
		BB3DCD3F1E66CCCC008BDFA4 /* DbBase.h */ = {isa = PBXFileReference; fileEncoding = 4; lastKnownFileType = sourcecode.c.h; path = DbBase.h; sourceTree = "<group>"; };
		BB3DCD401E66CCCC008BDFA4 /* DbBase.m */ = {isa = PBXFileReference; fileEncoding = 4; lastKnownFileType = sourcecode.c.objc; path = DbBase.m; sourceTree = "<group>"; };
		BB3DCD411E66CCCC008BDFA4 /* DbSync.h */ = {isa = PBXFileReference; fileEncoding = 4; lastKnownFileType = sourcecode.c.h; path = DbSync.h; sourceTree = "<group>"; };
		BB3DCD421E66CCCC008BDFA4 /* DbSync.m */ = {isa = PBXFileReference; fileEncoding = 4; lastKnownFileType = sourcecode.c.objc; path = DbSync.m; sourceTree = "<group>"; };
		BB3DCD431E66CCCC008BDFA4 /* DtGoldenStock.h */ = {isa = PBXFileReference; fileEncoding = 4; lastKnownFileType = sourcecode.c.h; path = DtGoldenStock.h; sourceTree = "<group>"; };
		BB3DCD441E66CCCC008BDFA4 /* DtGoldenStock.m */ = {isa = PBXFileReference; fileEncoding = 4; lastKnownFileType = sourcecode.c.objc; path = DtGoldenStock.m; sourceTree = "<group>"; };
		BB3DCD451E66CCCC008BDFA4 /* DtLive.h */ = {isa = PBXFileReference; fileEncoding = 4; lastKnownFileType = sourcecode.c.h; path = DtLive.h; sourceTree = "<group>"; };
		BB3DCD461E66CCCC008BDFA4 /* DtLive.m */ = {isa = PBXFileReference; fileEncoding = 4; lastKnownFileType = sourcecode.c.objc; path = DtLive.m; sourceTree = "<group>"; };
		BB3DCD471E66CCCC008BDFA4 /* DtPay.h */ = {isa = PBXFileReference; fileEncoding = 4; lastKnownFileType = sourcecode.c.h; path = DtPay.h; sourceTree = "<group>"; };
		BB3DCD481E66CCCC008BDFA4 /* DtPay.m */ = {isa = PBXFileReference; fileEncoding = 4; lastKnownFileType = sourcecode.c.objc; path = DtPay.m; sourceTree = "<group>"; };
		BB3DCD491E66CCCC008BDFA4 /* Favor.h */ = {isa = PBXFileReference; fileEncoding = 4; lastKnownFileType = sourcecode.c.h; path = Favor.h; sourceTree = "<group>"; };
		BB3DCD4A1E66CCCC008BDFA4 /* Favor.m */ = {isa = PBXFileReference; fileEncoding = 4; lastKnownFileType = sourcecode.c.objc; path = Favor.m; sourceTree = "<group>"; };
		BB3DCD4B1E66CCCC008BDFA4 /* Feed.h */ = {isa = PBXFileReference; fileEncoding = 4; lastKnownFileType = sourcecode.c.h; path = Feed.h; sourceTree = "<group>"; };
		BB3DCD4C1E66CCCC008BDFA4 /* Feed.m */ = {isa = PBXFileReference; fileEncoding = 4; lastKnownFileType = sourcecode.c.objc; path = Feed.m; sourceTree = "<group>"; };
		BB3DCD4D1E66CCCC008BDFA4 /* FileAccess.h */ = {isa = PBXFileReference; fileEncoding = 4; lastKnownFileType = sourcecode.c.h; path = FileAccess.h; sourceTree = "<group>"; };
		BB3DCD4E1E66CCCC008BDFA4 /* FileAccess.m */ = {isa = PBXFileReference; fileEncoding = 4; lastKnownFileType = sourcecode.c.objc; path = FileAccess.m; sourceTree = "<group>"; };
		BB3DCD4F1E66CCCC008BDFA4 /* FreqLimit.h */ = {isa = PBXFileReference; fileEncoding = 4; lastKnownFileType = sourcecode.c.h; path = FreqLimit.h; sourceTree = "<group>"; };
		BB3DCD501E66CCCC008BDFA4 /* FreqLimit.m */ = {isa = PBXFileReference; fileEncoding = 4; lastKnownFileType = sourcecode.c.objc; path = FreqLimit.m; sourceTree = "<group>"; };
		BB3DCD511E66CCCC008BDFA4 /* ImportHeader.sh */ = {isa = PBXFileReference; fileEncoding = 4; lastKnownFileType = text.script.sh; path = ImportHeader.sh; sourceTree = "<group>"; };
		BB3DCD521E66CCCC008BDFA4 /* JsonResult.h */ = {isa = PBXFileReference; fileEncoding = 4; lastKnownFileType = sourcecode.c.h; path = JsonResult.h; sourceTree = "<group>"; };
		BB3DCD531E66CCCC008BDFA4 /* JsonResult.m */ = {isa = PBXFileReference; fileEncoding = 4; lastKnownFileType = sourcecode.c.objc; path = JsonResult.m; sourceTree = "<group>"; };
		BB3DCD541E66CCCC008BDFA4 /* KLine.h */ = {isa = PBXFileReference; fileEncoding = 4; lastKnownFileType = sourcecode.c.h; path = KLine.h; sourceTree = "<group>"; };
		BB3DCD551E66CCCC008BDFA4 /* KLine.m */ = {isa = PBXFileReference; fileEncoding = 4; lastKnownFileType = sourcecode.c.objc; path = KLine.m; sourceTree = "<group>"; };
		BB3DCD561E66CCCC008BDFA4 /* LogQuery.h */ = {isa = PBXFileReference; fileEncoding = 4; lastKnownFileType = sourcecode.c.h; path = LogQuery.h; sourceTree = "<group>"; };
		BB3DCD571E66CCCC008BDFA4 /* LogQuery.m */ = {isa = PBXFileReference; fileEncoding = 4; lastKnownFileType = sourcecode.c.objc; path = LogQuery.m; sourceTree = "<group>"; };
		BB3DCD581E66CCCC008BDFA4 /* LogReport.h */ = {isa = PBXFileReference; fileEncoding = 4; lastKnownFileType = sourcecode.c.h; path = LogReport.h; sourceTree = "<group>"; };
		BB3DCD591E66CCCC008BDFA4 /* LogReport.m */ = {isa = PBXFileReference; fileEncoding = 4; lastKnownFileType = sourcecode.c.objc; path = LogReport.m; sourceTree = "<group>"; };
		BB3DCD5A1E66CCCC008BDFA4 /* MarketAlert.h */ = {isa = PBXFileReference; fileEncoding = 4; lastKnownFileType = sourcecode.c.h; path = MarketAlert.h; sourceTree = "<group>"; };
		BB3DCD5B1E66CCCC008BDFA4 /* MarketAlert.m */ = {isa = PBXFileReference; fileEncoding = 4; lastKnownFileType = sourcecode.c.objc; path = MarketAlert.m; sourceTree = "<group>"; };
		BB3DCD5C1E66CCCC008BDFA4 /* News.h */ = {isa = PBXFileReference; fileEncoding = 4; lastKnownFileType = sourcecode.c.h; path = News.h; sourceTree = "<group>"; };
		BB3DCD5D1E66CCCC008BDFA4 /* News.m */ = {isa = PBXFileReference; fileEncoding = 4; lastKnownFileType = sourcecode.c.objc; path = News.m; sourceTree = "<group>"; };
		BB3DCD5E1E66CCCC008BDFA4 /* NewsInfo.h */ = {isa = PBXFileReference; fileEncoding = 4; lastKnownFileType = sourcecode.c.h; path = NewsInfo.h; sourceTree = "<group>"; };
		BB3DCD5F1E66CCCC008BDFA4 /* NewsInfo.m */ = {isa = PBXFileReference; fileEncoding = 4; lastKnownFileType = sourcecode.c.objc; path = NewsInfo.m; sourceTree = "<group>"; };
		BB3DCD601E66CCCC008BDFA4 /* Notification.h */ = {isa = PBXFileReference; fileEncoding = 4; lastKnownFileType = sourcecode.c.h; path = Notification.h; sourceTree = "<group>"; };
		BB3DCD611E66CCCC008BDFA4 /* Notification.m */ = {isa = PBXFileReference; fileEncoding = 4; lastKnownFileType = sourcecode.c.objc; path = Notification.m; sourceTree = "<group>"; };
		BB3DCD621E66CCCC008BDFA4 /* OssAccess.h */ = {isa = PBXFileReference; fileEncoding = 4; lastKnownFileType = sourcecode.c.h; path = OssAccess.h; sourceTree = "<group>"; };
		BB3DCD631E66CCCC008BDFA4 /* OssAccess.m */ = {isa = PBXFileReference; fileEncoding = 4; lastKnownFileType = sourcecode.c.objc; path = OssAccess.m; sourceTree = "<group>"; };
		BB3DCD641E66CCCC008BDFA4 /* PePb.h */ = {isa = PBXFileReference; fileEncoding = 4; lastKnownFileType = sourcecode.c.h; path = PePb.h; sourceTree = "<group>"; };
		BB3DCD651E66CCCC008BDFA4 /* PePb.m */ = {isa = PBXFileReference; fileEncoding = 4; lastKnownFileType = sourcecode.c.objc; path = PePb.m; sourceTree = "<group>"; };
		BB3DCD661E66CCCC008BDFA4 /* Portfolio.h */ = {isa = PBXFileReference; fileEncoding = 4; lastKnownFileType = sourcecode.c.h; path = Portfolio.h; sourceTree = "<group>"; };
		BB3DCD671E66CCCC008BDFA4 /* Portfolio.m */ = {isa = PBXFileReference; fileEncoding = 4; lastKnownFileType = sourcecode.c.objc; path = Portfolio.m; sourceTree = "<group>"; };
		BB3DCD681E66CCCC008BDFA4 /* PushControl.h */ = {isa = PBXFileReference; fileEncoding = 4; lastKnownFileType = sourcecode.c.h; path = PushControl.h; sourceTree = "<group>"; };
		BB3DCD691E66CCCC008BDFA4 /* PushControl.m */ = {isa = PBXFileReference; fileEncoding = 4; lastKnownFileType = sourcecode.c.objc; path = PushControl.m; sourceTree = "<group>"; };
		BB3DCD6A1E66CCCC008BDFA4 /* PushStatus.h */ = {isa = PBXFileReference; fileEncoding = 4; lastKnownFileType = sourcecode.c.h; path = PushStatus.h; sourceTree = "<group>"; };
		BB3DCD6B1E66CCCC008BDFA4 /* PushStatus.m */ = {isa = PBXFileReference; fileEncoding = 4; lastKnownFileType = sourcecode.c.objc; path = PushStatus.m; sourceTree = "<group>"; };
		BB3DCD6C1E66CCCC008BDFA4 /* Quote.h */ = {isa = PBXFileReference; fileEncoding = 4; lastKnownFileType = sourcecode.c.h; path = Quote.h; sourceTree = "<group>"; };
		BB3DCD6D1E66CCCC008BDFA4 /* Quote.m */ = {isa = PBXFileReference; fileEncoding = 4; lastKnownFileType = sourcecode.c.objc; path = Quote.m; sourceTree = "<group>"; };
		BB3DCD6E1E66CCCC008BDFA4 /* Search.h */ = {isa = PBXFileReference; fileEncoding = 4; lastKnownFileType = sourcecode.c.h; path = Search.h; sourceTree = "<group>"; };
		BB3DCD6F1E66CCCC008BDFA4 /* Search.m */ = {isa = PBXFileReference; fileEncoding = 4; lastKnownFileType = sourcecode.c.objc; path = Search.m; sourceTree = "<group>"; };
		BB3DCD701E66CCCC008BDFA4 /* SecBase.h */ = {isa = PBXFileReference; fileEncoding = 4; lastKnownFileType = sourcecode.c.h; path = SecBase.h; sourceTree = "<group>"; };
		BB3DCD711E66CCCC008BDFA4 /* SecBase.m */ = {isa = PBXFileReference; fileEncoding = 4; lastKnownFileType = sourcecode.c.objc; path = SecBase.m; sourceTree = "<group>"; };
		BB3DCD721E66CCCC008BDFA4 /* Singal.h */ = {isa = PBXFileReference; fileEncoding = 4; lastKnownFileType = sourcecode.c.h; path = Singal.h; sourceTree = "<group>"; };
		BB3DCD731E66CCCC008BDFA4 /* Singal.m */ = {isa = PBXFileReference; fileEncoding = 4; lastKnownFileType = sourcecode.c.objc; path = Singal.m; sourceTree = "<group>"; };
		BB3DCD741E66CCCC008BDFA4 /* Stat.h */ = {isa = PBXFileReference; fileEncoding = 4; lastKnownFileType = sourcecode.c.h; path = Stat.h; sourceTree = "<group>"; };
		BB3DCD751E66CCCC008BDFA4 /* Stat.m */ = {isa = PBXFileReference; fileEncoding = 4; lastKnownFileType = sourcecode.c.objc; path = Stat.m; sourceTree = "<group>"; };
		BB3DCD761E66CCCC008BDFA4 /* TextProcess.h */ = {isa = PBXFileReference; fileEncoding = 4; lastKnownFileType = sourcecode.c.h; path = TextProcess.h; sourceTree = "<group>"; };
		BB3DCD771E66CCCC008BDFA4 /* TextProcess.m */ = {isa = PBXFileReference; fileEncoding = 4; lastKnownFileType = sourcecode.c.objc; path = TextProcess.m; sourceTree = "<group>"; };
		BB3DCD781E66CCCC008BDFA4 /* Upgrade.h */ = {isa = PBXFileReference; fileEncoding = 4; lastKnownFileType = sourcecode.c.h; path = Upgrade.h; sourceTree = "<group>"; };
		BB3DCD791E66CCCC008BDFA4 /* Upgrade.m */ = {isa = PBXFileReference; fileEncoding = 4; lastKnownFileType = sourcecode.c.objc; path = Upgrade.m; sourceTree = "<group>"; };
		BB3DCD7A1E66CCCC008BDFA4 /* UploadApp.h */ = {isa = PBXFileReference; fileEncoding = 4; lastKnownFileType = sourcecode.c.h; path = UploadApp.h; sourceTree = "<group>"; };
		BB3DCD7B1E66CCCC008BDFA4 /* UploadApp.m */ = {isa = PBXFileReference; fileEncoding = 4; lastKnownFileType = sourcecode.c.objc; path = UploadApp.m; sourceTree = "<group>"; };
		BB3DCD7C1E66CCCC008BDFA4 /* UserPortfolio.h */ = {isa = PBXFileReference; fileEncoding = 4; lastKnownFileType = sourcecode.c.h; path = UserPortfolio.h; sourceTree = "<group>"; };
		BB3DCD7D1E66CCCC008BDFA4 /* UserPortfolio.m */ = {isa = PBXFileReference; fileEncoding = 4; lastKnownFileType = sourcecode.c.objc; path = UserPortfolio.m; sourceTree = "<group>"; };
		BB3DCD7E1E66CCCC008BDFA4 /* Video.h */ = {isa = PBXFileReference; fileEncoding = 4; lastKnownFileType = sourcecode.c.h; path = Video.h; sourceTree = "<group>"; };
		BB3DCD7F1E66CCCC008BDFA4 /* Video.m */ = {isa = PBXFileReference; fileEncoding = 4; lastKnownFileType = sourcecode.c.objc; path = Video.m; sourceTree = "<group>"; };
		BB3DCD801E66CCCC008BDFA4 /* YunWeb.h */ = {isa = PBXFileReference; fileEncoding = 4; lastKnownFileType = sourcecode.c.h; path = YunWeb.h; sourceTree = "<group>"; };
		BB3DCD811E66CCCC008BDFA4 /* YunWeb.m */ = {isa = PBXFileReference; fileEncoding = 4; lastKnownFileType = sourcecode.c.objc; path = YunWeb.m; sourceTree = "<group>"; };
		BB3DCD821E66CCCC008BDFA4 /* ZipStore.h */ = {isa = PBXFileReference; fileEncoding = 4; lastKnownFileType = sourcecode.c.h; path = ZipStore.h; sourceTree = "<group>"; };
		BB3DCD831E66CCCC008BDFA4 /* ZipStore.m */ = {isa = PBXFileReference; fileEncoding = 4; lastKnownFileType = sourcecode.c.objc; path = ZipStore.m; sourceTree = "<group>"; };
		BB78E6801ECA9422007BD7C7 /* DtTemp.h */ = {isa = PBXFileReference; fileEncoding = 4; lastKnownFileType = sourcecode.c.h; path = DtTemp.h; sourceTree = "<group>"; };
		BB78E6811ECA9422007BD7C7 /* DtTemp.m */ = {isa = PBXFileReference; fileEncoding = 4; lastKnownFileType = sourcecode.c.objc; path = DtTemp.m; sourceTree = "<group>"; };
		BB78E6841ECAF642007BD7C7 /* InvestSuggestionComm.h */ = {isa = PBXFileReference; fileEncoding = 4; lastKnownFileType = sourcecode.c.h; path = InvestSuggestionComm.h; sourceTree = "<group>"; };
		BB78E6861ECAF652007BD7C7 /* InvestSuggestionComm.m */ = {isa = PBXFileReference; fileEncoding = 4; lastKnownFileType = sourcecode.c.objc; path = InvestSuggestionComm.m; sourceTree = "<group>"; };
		BBD83C9E1F6633A100A261C8 /* IntelliRecom.h */ = {isa = PBXFileReference; fileEncoding = 4; lastKnownFileType = sourcecode.c.h; path = IntelliRecom.h; sourceTree = "<group>"; };
		BBD83C9F1F6633A100A261C8 /* IntelliRecom.m */ = {isa = PBXFileReference; fileEncoding = 4; lastKnownFileType = sourcecode.c.objc; path = IntelliRecom.m; sourceTree = "<group>"; };
/* End PBXFileReference section */

/* Begin PBXFrameworksBuildPhase section */
		BB3DCD1D1E66CC8B008BDFA4 /* Frameworks */ = {
			isa = PBXFrameworksBuildPhase;
			buildActionMask = 2147483647;
			files = (
				D77608CB6813954B8CEC8980 /* Pods_DTSBEC.framework in Frameworks */,
			);
			runOnlyForDeploymentPostprocessing = 0;
		};
/* End PBXFrameworksBuildPhase section */

/* Begin PBXGroup section */
		9E541D55C6EC04A7C45CED79 /* Pods */ = {
			isa = PBXGroup;
			children = (
				9328DB1D686A5FD7B9E5B1EC /* Pods-DTSBEC.debug.xcconfig */,
				BA09EB6867A7470B57778619 /* Pods-DTSBEC.release.xcconfig */,
			);
			name = Pods;
			sourceTree = "<group>";
		};
		BB3DCD171E66CC8A008BDFA4 = {
			isa = PBXGroup;
			children = (
				BB3DCD231E66CC8B008BDFA4 /* DTSBEC */,
				BB3DCD221E66CC8B008BDFA4 /* Products */,
				9E541D55C6EC04A7C45CED79 /* Pods */,
				C1C29B72D31768D14B19CF80 /* Frameworks */,
			);
			sourceTree = "<group>";
		};
		BB3DCD221E66CC8B008BDFA4 /* Products */ = {
			isa = PBXGroup;
			children = (
				BB3DCD211E66CC8B008BDFA4 /* DTSBEC.framework */,
			);
			name = Products;
			sourceTree = "<group>";
		};
		BB3DCD231E66CC8B008BDFA4 /* DTSBEC */ = {
			isa = PBXGroup;
			children = (
				BBD83C9E1F6633A100A261C8 /* IntelliRecom.h */,
				BBD83C9F1F6633A100A261C8 /* IntelliRecom.m */,
				BB3DCD2C1E66CCCC008BDFA4 /* Account.h */,
				BB3DCD2D1E66CCCC008BDFA4 /* Account.m */,
				BB3DCD2E1E66CCCC008BDFA4 /* AccountCache.h */,
				BB3DCD2F1E66CCCC008BDFA4 /* AccountCache.m */,
				BB3DCD301E66CCCC008BDFA4 /* AccountInterface.h */,
				BB3DCD311E66CCCC008BDFA4 /* AccountInterface.m */,
				BB3DCD321E66CCCC008BDFA4 /* AccuPoint.h */,
				BB3DCD331E66CCCC008BDFA4 /* AccuPoint.m */,
				BB3DCD341E66CCCC008BDFA4 /* AdminReg.h */,
				BB3DCD351E66CCCC008BDFA4 /* AdminReg.m */,
				BB05B0EE1EA07A5C0084EA1D /* AIConsultStock.h */,
				BB05B0EF1EA07A5C0084EA1D /* AIConsultStock.m */,
				BB3DCD361E66CCCC008BDFA4 /* Alert.h */,
				BB3DCD371E66CCCC008BDFA4 /* Alert.m */,
				BB3DCD381E66CCCC008BDFA4 /* AppConfig.h */,
				BB78E6861ECAF652007BD7C7 /* InvestSuggestionComm.m */,
				BB78E6841ECAF642007BD7C7 /* InvestSuggestionComm.h */,
				BB3DCD391E66CCCC008BDFA4 /* AppConfig.m */,
				BB3DCD3A1E66CCCC008BDFA4 /* Beacon.h */,
				BB3DCD3B1E66CCCC008BDFA4 /* Beacon.m */,
				BB3DCD3C1E66CCCC008BDFA4 /* BECHeader.h */,
				BB3DCD3D1E66CCCC008BDFA4 /* Check.h */,
				BB3DCD3E1E66CCCC008BDFA4 /* Check.m */,
				BB3DCD3F1E66CCCC008BDFA4 /* DbBase.h */,
				BB3DCD401E66CCCC008BDFA4 /* DbBase.m */,
				BB3DCD411E66CCCC008BDFA4 /* DbSync.h */,
				BB3DCD421E66CCCC008BDFA4 /* DbSync.m */,
				BB3DCD431E66CCCC008BDFA4 /* DtGoldenStock.h */,
				BB3DCD441E66CCCC008BDFA4 /* DtGoldenStock.m */,
				BB3DCD451E66CCCC008BDFA4 /* DtLive.h */,
				BB3DCD461E66CCCC008BDFA4 /* DtLive.m */,
				BB3DCD471E66CCCC008BDFA4 /* DtPay.h */,
				BB3DCD481E66CCCC008BDFA4 /* DtPay.m */,
				BB3DCD241E66CC8B008BDFA4 /* DTSBEC.h */,
				BB78E6801ECA9422007BD7C7 /* DtTemp.h */,
				BB78E6811ECA9422007BD7C7 /* DtTemp.m */,
				BB3DCD491E66CCCC008BDFA4 /* Favor.h */,
				BB3DCD4A1E66CCCC008BDFA4 /* Favor.m */,
				BB3DCD4B1E66CCCC008BDFA4 /* Feed.h */,
				BB3DCD4C1E66CCCC008BDFA4 /* Feed.m */,
				BB3DCD4D1E66CCCC008BDFA4 /* FileAccess.h */,
				BB3DCD4E1E66CCCC008BDFA4 /* FileAccess.m */,
				BB3DCD4F1E66CCCC008BDFA4 /* FreqLimit.h */,
				BB3DCD501E66CCCC008BDFA4 /* FreqLimit.m */,
				BB3DCD511E66CCCC008BDFA4 /* ImportHeader.sh */,
				BB3DCD251E66CC8B008BDFA4 /* Info.plist */,
				BB3DCD521E66CCCC008BDFA4 /* JsonResult.h */,
				BB3DCD531E66CCCC008BDFA4 /* JsonResult.m */,
				BB3DCD541E66CCCC008BDFA4 /* KLine.h */,
				BB3DCD551E66CCCC008BDFA4 /* KLine.m */,
				BB3DCD561E66CCCC008BDFA4 /* LogQuery.h */,
				BB3DCD571E66CCCC008BDFA4 /* LogQuery.m */,
				BB3DCD581E66CCCC008BDFA4 /* LogReport.h */,
				BB3DCD591E66CCCC008BDFA4 /* LogReport.m */,
				BB05B0F21EA07A860084EA1D /* MarginTrade.h */,
				BB05B0F31EA07A860084EA1D /* MarginTrade.m */,
				BB3DCD5A1E66CCCC008BDFA4 /* MarketAlert.h */,
				BB3DCD5B1E66CCCC008BDFA4 /* MarketAlert.m */,
				BB3DCD5C1E66CCCC008BDFA4 /* News.h */,
				BB3DCD5D1E66CCCC008BDFA4 /* News.m */,
				BB3DCD5E1E66CCCC008BDFA4 /* NewsInfo.h */,
				BB3DCD5F1E66CCCC008BDFA4 /* NewsInfo.m */,
				BB3DCD601E66CCCC008BDFA4 /* Notification.h */,
				BB3DCD611E66CCCC008BDFA4 /* Notification.m */,
				BB3DCD621E66CCCC008BDFA4 /* OssAccess.h */,
				BB3DCD631E66CCCC008BDFA4 /* OssAccess.m */,
				BB3DCD641E66CCCC008BDFA4 /* PePb.h */,
				BB3DCD651E66CCCC008BDFA4 /* PePb.m */,
				BB3DCD661E66CCCC008BDFA4 /* Portfolio.h */,
				BB3DCD671E66CCCC008BDFA4 /* Portfolio.m */,
				BB3DCD681E66CCCC008BDFA4 /* PushControl.h */,
				BB3DCD691E66CCCC008BDFA4 /* PushControl.m */,
				BB3DCD6A1E66CCCC008BDFA4 /* PushStatus.h */,
				BB3DCD6B1E66CCCC008BDFA4 /* PushStatus.m */,
				BB3DCD6C1E66CCCC008BDFA4 /* Quote.h */,
				BB3DCD6D1E66CCCC008BDFA4 /* Quote.m */,
				BB3DCD6E1E66CCCC008BDFA4 /* Search.h */,
				BB3DCD6F1E66CCCC008BDFA4 /* Search.m */,
				BB3DCD701E66CCCC008BDFA4 /* SecBase.h */,
				BB3DCD711E66CCCC008BDFA4 /* SecBase.m */,
				BB3DCD721E66CCCC008BDFA4 /* Singal.h */,
				BB3DCD731E66CCCC008BDFA4 /* Singal.m */,
				BB3DCD741E66CCCC008BDFA4 /* Stat.h */,
				BB3DCD751E66CCCC008BDFA4 /* Stat.m */,
				BB3DCD761E66CCCC008BDFA4 /* TextProcess.h */,
				BB3DCD771E66CCCC008BDFA4 /* TextProcess.m */,
				BB3DCD781E66CCCC008BDFA4 /* Upgrade.h */,
				BB3DCD791E66CCCC008BDFA4 /* Upgrade.m */,
				BB3DCD7A1E66CCCC008BDFA4 /* UploadApp.h */,
				BB3DCD7B1E66CCCC008BDFA4 /* UploadApp.m */,
				BB3DCD7C1E66CCCC008BDFA4 /* UserPortfolio.h */,
				BB3DCD7D1E66CCCC008BDFA4 /* UserPortfolio.m */,
				BB3DCD7E1E66CCCC008BDFA4 /* Video.h */,
				BB3DCD7F1E66CCCC008BDFA4 /* Video.m */,
				BB3DCD801E66CCCC008BDFA4 /* YunWeb.h */,
				BB3DCD811E66CCCC008BDFA4 /* YunWeb.m */,
				BB3DCD821E66CCCC008BDFA4 /* ZipStore.h */,
				BB3DCD831E66CCCC008BDFA4 /* ZipStore.m */,
			);
			path = DTSBEC;
			sourceTree = "<group>";
		};
		C1C29B72D31768D14B19CF80 /* Frameworks */ = {
			isa = PBXGroup;
			children = (
				AEE6D60DCB56572EF72B3323 /* Pods_DTSBEC.framework */,
			);
			name = Frameworks;
			sourceTree = "<group>";
		};
/* End PBXGroup section */

/* Begin PBXHeadersBuildPhase section */
		BB3DCD1E1E66CC8B008BDFA4 /* Headers */ = {
			isa = PBXHeadersBuildPhase;
			buildActionMask = 2147483647;
			files = (
				BBD83CA01F6633A100A261C8 /* IntelliRecom.h in Headers */,
				BB3DCDDA1E66CCCC008BDFA4 /* ZipStore.h in Headers */,
				BB3DCDD61E66CCCC008BDFA4 /* Video.h in Headers */,
				BB3DCD901E66CCCC008BDFA4 /* AppConfig.h in Headers */,
				BB3DCDC21E66CCCC008BDFA4 /* PushStatus.h in Headers */,
				BB3DCDC61E66CCCC008BDFA4 /* Search.h in Headers */,
				BB3DCDA51E66CCCC008BDFA4 /* FileAccess.h in Headers */,
				BB3DCD841E66CCCC008BDFA4 /* Account.h in Headers */,
				BB3DCDAA1E66CCCC008BDFA4 /* JsonResult.h in Headers */,
				BB3DCDC01E66CCCC008BDFA4 /* PushControl.h in Headers */,
				BB3DCDA31E66CCCC008BDFA4 /* Feed.h in Headers */,
				BB3DCDCA1E66CCCC008BDFA4 /* Singal.h in Headers */,
				BB3DCDC41E66CCCC008BDFA4 /* Quote.h in Headers */,
				BB3DCDCE1E66CCCC008BDFA4 /* TextProcess.h in Headers */,
				BB3DCDBC1E66CCCC008BDFA4 /* PePb.h in Headers */,
				BB3DCD261E66CC8B008BDFA4 /* DTSBEC.h in Headers */,
				BB3DCD971E66CCCC008BDFA4 /* DbBase.h in Headers */,
				BB3DCD881E66CCCC008BDFA4 /* AccountInterface.h in Headers */,
				BB3DCD941E66CCCC008BDFA4 /* BECHeader.h in Headers */,
				BB3DCD8E1E66CCCC008BDFA4 /* Alert.h in Headers */,
				BB3DCD8A1E66CCCC008BDFA4 /* AccuPoint.h in Headers */,
				BB3DCDBE1E66CCCC008BDFA4 /* Portfolio.h in Headers */,
				BB3DCDC81E66CCCC008BDFA4 /* SecBase.h in Headers */,
				BB3DCDB81E66CCCC008BDFA4 /* Notification.h in Headers */,
				BB3DCD951E66CCCC008BDFA4 /* Check.h in Headers */,
				BB3DCD861E66CCCC008BDFA4 /* AccountCache.h in Headers */,
				BB3DCDB61E66CCCC008BDFA4 /* NewsInfo.h in Headers */,
				BB3DCDB41E66CCCC008BDFA4 /* News.h in Headers */,
				BB3DCD991E66CCCC008BDFA4 /* DbSync.h in Headers */,
				BB3DCD8C1E66CCCC008BDFA4 /* AdminReg.h in Headers */,
				BB3DCDD21E66CCCC008BDFA4 /* UploadApp.h in Headers */,
				BB3DCDB01E66CCCC008BDFA4 /* LogReport.h in Headers */,
				BB3DCDA71E66CCCC008BDFA4 /* FreqLimit.h in Headers */,
				BB3DCDAC1E66CCCC008BDFA4 /* KLine.h in Headers */,
				BB3DCD9D1E66CCCC008BDFA4 /* DtLive.h in Headers */,
				BB3DCDD41E66CCCC008BDFA4 /* UserPortfolio.h in Headers */,
				BB3DCDAE1E66CCCC008BDFA4 /* LogQuery.h in Headers */,
				BB3DCDA11E66CCCC008BDFA4 /* Favor.h in Headers */,
				BB3DCDD81E66CCCC008BDFA4 /* YunWeb.h in Headers */,
				BB3DCDCC1E66CCCC008BDFA4 /* Stat.h in Headers */,
				BB3DCDB21E66CCCC008BDFA4 /* MarketAlert.h in Headers */,
				BB3DCD9B1E66CCCC008BDFA4 /* DtGoldenStock.h in Headers */,
				BB3DCD921E66CCCC008BDFA4 /* Beacon.h in Headers */,
				BB78E6821ECA9422007BD7C7 /* DtTemp.h in Headers */,
				BB3DCDBA1E66CCCC008BDFA4 /* OssAccess.h in Headers */,
				BB78E6851ECAF642007BD7C7 /* InvestSuggestionComm.h in Headers */,
				BB05B0F01EA07A5C0084EA1D /* AIConsultStock.h in Headers */,
				BB05B0F41EA07A860084EA1D /* MarginTrade.h in Headers */,
				BB3DCD9F1E66CCCC008BDFA4 /* DtPay.h in Headers */,
				BB3DCDD01E66CCCC008BDFA4 /* Upgrade.h in Headers */,
			);
			runOnlyForDeploymentPostprocessing = 0;
		};
/* End PBXHeadersBuildPhase section */

/* Begin PBXNativeTarget section */
		BB3DCD201E66CC8B008BDFA4 /* DTSBEC */ = {
			isa = PBXNativeTarget;
			buildConfigurationList = BB3DCD291E66CC8B008BDFA4 /* Build configuration list for PBXNativeTarget "DTSBEC" */;
			buildPhases = (
				1C42C28D756FFA52F85BFF70 /* [CP] Check Pods Manifest.lock */,
				BB3DCD1C1E66CC8B008BDFA4 /* Sources */,
				BB3DCD1D1E66CC8B008BDFA4 /* Frameworks */,
				BB3DCD1E1E66CC8B008BDFA4 /* Headers */,
				BB3DCD1F1E66CC8B008BDFA4 /* Resources */,
				BB3DCDDC1E66CD11008BDFA4 /* ShellScript */,
				EB6FDFEEA01C1AC4488449A5 /* [CP] Copy Pods Resources */,
			);
			buildRules = (
			);
			dependencies = (
			);
			name = DTSBEC;
			productName = DTSBEC;
			productReference = BB3DCD211E66CC8B008BDFA4 /* DTSBEC.framework */;
			productType = "com.apple.product-type.framework";
		};
/* End PBXNativeTarget section */

/* Begin PBXProject section */
		BB3DCD181E66CC8A008BDFA4 /* Project object */ = {
			isa = PBXProject;
			attributes = {
				LastUpgradeCheck = 0800;
				ORGANIZATIONNAME = dengtacj;
				TargetAttributes = {
					BB3DCD201E66CC8B008BDFA4 = {
						CreatedOnToolsVersion = 8.0;
						ProvisioningStyle = Automatic;
					};
				};
			};
			buildConfigurationList = BB3DCD1B1E66CC8A008BDFA4 /* Build configuration list for PBXProject "DTSBEC" */;
			compatibilityVersion = "Xcode 3.2";
			developmentRegion = English;
			hasScannedForEncodings = 0;
			knownRegions = (
				en,
			);
			mainGroup = BB3DCD171E66CC8A008BDFA4;
			productRefGroup = BB3DCD221E66CC8B008BDFA4 /* Products */;
			projectDirPath = "";
			projectRoot = "";
			targets = (
				BB3DCD201E66CC8B008BDFA4 /* DTSBEC */,
			);
		};
/* End PBXProject section */

/* Begin PBXResourcesBuildPhase section */
		BB3DCD1F1E66CC8B008BDFA4 /* Resources */ = {
			isa = PBXResourcesBuildPhase;
			buildActionMask = 2147483647;
			files = (
				BB3DCDA91E66CCCC008BDFA4 /* ImportHeader.sh in Resources */,
			);
			runOnlyForDeploymentPostprocessing = 0;
		};
/* End PBXResourcesBuildPhase section */

/* Begin PBXShellScriptBuildPhase section */
		1C42C28D756FFA52F85BFF70 /* [CP] Check Pods Manifest.lock */ = {
			isa = PBXShellScriptBuildPhase;
			buildActionMask = 2147483647;
			files = (
			);
			inputPaths = (
			);
			name = "[CP] Check Pods Manifest.lock";
			outputPaths = (
			);
			runOnlyForDeploymentPostprocessing = 0;
			shellPath = /bin/sh;
			shellScript = "diff \"${PODS_ROOT}/../Podfile.lock\" \"${PODS_ROOT}/Manifest.lock\" > /dev/null\nif [ $? != 0 ] ; then\n    # print error to STDERR\n    echo \"error: The sandbox is not in sync with the Podfile.lock. Run 'pod install' or update your CocoaPods installation.\" >&2\n    exit 1\nfi\n";
			showEnvVarsInLog = 0;
		};
		BB3DCDDC1E66CD11008BDFA4 /* ShellScript */ = {
			isa = PBXShellScriptBuildPhase;
			buildActionMask = 2147483647;
			files = (
			);
			inputPaths = (
			);
			outputPaths = (
			);
			runOnlyForDeploymentPostprocessing = 0;
			shellPath = /bin/sh;
			shellScript = "\"${SRCROOT}/DTSBEC/ImportHeader.sh\"";
		};
		EB6FDFEEA01C1AC4488449A5 /* [CP] Copy Pods Resources */ = {
			isa = PBXShellScriptBuildPhase;
			buildActionMask = 2147483647;
			files = (
			);
			inputPaths = (
			);
			name = "[CP] Copy Pods Resources";
			outputPaths = (
			);
			runOnlyForDeploymentPostprocessing = 0;
			shellPath = /bin/sh;
			shellScript = "\"${SRCROOT}/Pods/Target Support Files/Pods-DTSBEC/Pods-DTSBEC-resources.sh\"\n";
			showEnvVarsInLog = 0;
		};
/* End PBXShellScriptBuildPhase section */

/* Begin PBXSourcesBuildPhase section */
		BB3DCD1C1E66CC8B008BDFA4 /* Sources */ = {
			isa = PBXSourcesBuildPhase;
			buildActionMask = 2147483647;
			files = (
				BB3DCDD71E66CCCC008BDFA4 /* Video.m in Sources */,
				BB3DCDA01E66CCCC008BDFA4 /* DtPay.m in Sources */,
				BB3DCDC11E66CCCC008BDFA4 /* PushControl.m in Sources */,
				BB3DCDDB1E66CCCC008BDFA4 /* ZipStore.m in Sources */,
				BB3DCD961E66CCCC008BDFA4 /* Check.m in Sources */,
				BB3DCDC71E66CCCC008BDFA4 /* Search.m in Sources */,
				BB3DCD8F1E66CCCC008BDFA4 /* Alert.m in Sources */,
				BB3DCDA21E66CCCC008BDFA4 /* Favor.m in Sources */,
				BB3DCDBD1E66CCCC008BDFA4 /* PePb.m in Sources */,
				BB78E6831ECA9422007BD7C7 /* DtTemp.m in Sources */,
				BB3DCDD51E66CCCC008BDFA4 /* UserPortfolio.m in Sources */,
				BB3DCD911E66CCCC008BDFA4 /* AppConfig.m in Sources */,
				BB3DCDD11E66CCCC008BDFA4 /* Upgrade.m in Sources */,
				BB3DCDBF1E66CCCC008BDFA4 /* Portfolio.m in Sources */,
				BB3DCDA41E66CCCC008BDFA4 /* Feed.m in Sources */,
				BB78E6871ECAF652007BD7C7 /* InvestSuggestionComm.m in Sources */,
				BB3DCD9C1E66CCCC008BDFA4 /* DtGoldenStock.m in Sources */,
				BB3DCDAB1E66CCCC008BDFA4 /* JsonResult.m in Sources */,
				BB3DCDCB1E66CCCC008BDFA4 /* Singal.m in Sources */,
				BB05B0F11EA07A5C0084EA1D /* AIConsultStock.m in Sources */,
				BB3DCDCF1E66CCCC008BDFA4 /* TextProcess.m in Sources */,
				BB3DCDA61E66CCCC008BDFA4 /* FileAccess.m in Sources */,
				BB3DCDC31E66CCCC008BDFA4 /* PushStatus.m in Sources */,
				BB3DCD8B1E66CCCC008BDFA4 /* AccuPoint.m in Sources */,
				BB3DCD981E66CCCC008BDFA4 /* DbBase.m in Sources */,
				BB3DCD931E66CCCC008BDFA4 /* Beacon.m in Sources */,
				BB3DCDC51E66CCCC008BDFA4 /* Quote.m in Sources */,
				BB3DCDC91E66CCCC008BDFA4 /* SecBase.m in Sources */,
				BB3DCDB31E66CCCC008BDFA4 /* MarketAlert.m in Sources */,
				BB3DCDA81E66CCCC008BDFA4 /* FreqLimit.m in Sources */,
				BB3DCDB51E66CCCC008BDFA4 /* News.m in Sources */,
				BB05B0F51EA07A860084EA1D /* MarginTrade.m in Sources */,
				BBD83CA11F6633A100A261C8 /* IntelliRecom.m in Sources */,
				BB3DCDAF1E66CCCC008BDFA4 /* LogQuery.m in Sources */,
				BB3DCDB11E66CCCC008BDFA4 /* LogReport.m in Sources */,
				BB3DCDD91E66CCCC008BDFA4 /* YunWeb.m in Sources */,
				BB3DCDAD1E66CCCC008BDFA4 /* KLine.m in Sources */,
				BB3DCDB71E66CCCC008BDFA4 /* NewsInfo.m in Sources */,
				BB3DCDD31E66CCCC008BDFA4 /* UploadApp.m in Sources */,
				BB3DCD9E1E66CCCC008BDFA4 /* DtLive.m in Sources */,
				BB3DCD9A1E66CCCC008BDFA4 /* DbSync.m in Sources */,
				BB3DCDCD1E66CCCC008BDFA4 /* Stat.m in Sources */,
				BB3DCD871E66CCCC008BDFA4 /* AccountCache.m in Sources */,
				BB3DCDB91E66CCCC008BDFA4 /* Notification.m in Sources */,
				BB3DCD891E66CCCC008BDFA4 /* AccountInterface.m in Sources */,
				BB3DCDBB1E66CCCC008BDFA4 /* OssAccess.m in Sources */,
				BB3DCD8D1E66CCCC008BDFA4 /* AdminReg.m in Sources */,
				BB3DCD851E66CCCC008BDFA4 /* Account.m in Sources */,
			);
			runOnlyForDeploymentPostprocessing = 0;
		};
/* End PBXSourcesBuildPhase section */

/* Begin XCBuildConfiguration section */
		BB3DCD271E66CC8B008BDFA4 /* Debug */ = {
			isa = XCBuildConfiguration;
			buildSettings = {
				ALWAYS_SEARCH_USER_PATHS = NO;
				CLANG_ANALYZER_NONNULL = YES;
				CLANG_CXX_LANGUAGE_STANDARD = "gnu++0x";
				CLANG_CXX_LIBRARY = "libc++";
				CLANG_ENABLE_MODULES = YES;
				CLANG_ENABLE_OBJC_ARC = YES;
				CLANG_WARN_BOOL_CONVERSION = YES;
				CLANG_WARN_CONSTANT_CONVERSION = YES;
				CLANG_WARN_DIRECT_OBJC_ISA_USAGE = YES_ERROR;
				CLANG_WARN_DOCUMENTATION_COMMENTS = YES;
				CLANG_WARN_EMPTY_BODY = YES;
				CLANG_WARN_ENUM_CONVERSION = YES;
				CLANG_WARN_INFINITE_RECURSION = YES;
				CLANG_WARN_INT_CONVERSION = YES;
				CLANG_WARN_OBJC_ROOT_CLASS = YES_ERROR;
				CLANG_WARN_SUSPICIOUS_MOVES = YES;
				CLANG_WARN_UNREACHABLE_CODE = YES;
				CLANG_WARN__DUPLICATE_METHOD_MATCH = YES;
				"CODE_SIGN_IDENTITY[sdk=iphoneos*]" = "iPhone Developer";
				COPY_PHASE_STRIP = NO;
				CURRENT_PROJECT_VERSION = 1;
				DEBUG_INFORMATION_FORMAT = dwarf;
				ENABLE_STRICT_OBJC_MSGSEND = YES;
				ENABLE_TESTABILITY = YES;
				GCC_C_LANGUAGE_STANDARD = gnu99;
				GCC_DYNAMIC_NO_PIC = NO;
				GCC_NO_COMMON_BLOCKS = YES;
				GCC_OPTIMIZATION_LEVEL = 0;
				GCC_PREPROCESSOR_DEFINITIONS = (
					"DEBUG=1",
					"$(inherited)",
				);
				GCC_WARN_64_TO_32_BIT_CONVERSION = YES;
				GCC_WARN_ABOUT_RETURN_TYPE = YES_ERROR;
				GCC_WARN_UNDECLARED_SELECTOR = YES;
				GCC_WARN_UNINITIALIZED_AUTOS = YES_AGGRESSIVE;
				GCC_WARN_UNUSED_FUNCTION = YES;
				GCC_WARN_UNUSED_VARIABLE = YES;
				IPHONEOS_DEPLOYMENT_TARGET = 10.0;
				MTL_ENABLE_DEBUG_INFO = YES;
				ONLY_ACTIVE_ARCH = YES;
				SDKROOT = iphoneos;
				TARGETED_DEVICE_FAMILY = "1,2";
				VERSIONING_SYSTEM = "apple-generic";
				VERSION_INFO_PREFIX = "";
			};
			name = Debug;
		};
		BB3DCD281E66CC8B008BDFA4 /* Release */ = {
			isa = XCBuildConfiguration;
			buildSettings = {
				ALWAYS_SEARCH_USER_PATHS = NO;
				CLANG_ANALYZER_NONNULL = YES;
				CLANG_CXX_LANGUAGE_STANDARD = "gnu++0x";
				CLANG_CXX_LIBRARY = "libc++";
				CLANG_ENABLE_MODULES = YES;
				CLANG_ENABLE_OBJC_ARC = YES;
				CLANG_WARN_BOOL_CONVERSION = YES;
				CLANG_WARN_CONSTANT_CONVERSION = YES;
				CLANG_WARN_DIRECT_OBJC_ISA_USAGE = YES_ERROR;
				CLANG_WARN_DOCUMENTATION_COMMENTS = YES;
				CLANG_WARN_EMPTY_BODY = YES;
				CLANG_WARN_ENUM_CONVERSION = YES;
				CLANG_WARN_INFINITE_RECURSION = YES;
				CLANG_WARN_INT_CONVERSION = YES;
				CLANG_WARN_OBJC_ROOT_CLASS = YES_ERROR;
				CLANG_WARN_SUSPICIOUS_MOVES = YES;
				CLANG_WARN_UNREACHABLE_CODE = YES;
				CLANG_WARN__DUPLICATE_METHOD_MATCH = YES;
				"CODE_SIGN_IDENTITY[sdk=iphoneos*]" = "iPhone Developer";
				COPY_PHASE_STRIP = NO;
				CURRENT_PROJECT_VERSION = 1;
				DEBUG_INFORMATION_FORMAT = "dwarf-with-dsym";
				ENABLE_NS_ASSERTIONS = NO;
				ENABLE_STRICT_OBJC_MSGSEND = YES;
				GCC_C_LANGUAGE_STANDARD = gnu99;
				GCC_NO_COMMON_BLOCKS = YES;
				GCC_WARN_64_TO_32_BIT_CONVERSION = YES;
				GCC_WARN_ABOUT_RETURN_TYPE = YES_ERROR;
				GCC_WARN_UNDECLARED_SELECTOR = YES;
				GCC_WARN_UNINITIALIZED_AUTOS = YES_AGGRESSIVE;
				GCC_WARN_UNUSED_FUNCTION = YES;
				GCC_WARN_UNUSED_VARIABLE = YES;
				IPHONEOS_DEPLOYMENT_TARGET = 10.0;
				MTL_ENABLE_DEBUG_INFO = NO;
				SDKROOT = iphoneos;
				TARGETED_DEVICE_FAMILY = "1,2";
				VALIDATE_PRODUCT = YES;
				VERSIONING_SYSTEM = "apple-generic";
				VERSION_INFO_PREFIX = "";
			};
			name = Release;
		};
		BB3DCD2A1E66CC8B008BDFA4 /* Debug */ = {
			isa = XCBuildConfiguration;
			baseConfigurationReference = 9328DB1D686A5FD7B9E5B1EC /* Pods-DTSBEC.debug.xcconfig */;
			buildSettings = {
				CODE_SIGN_IDENTITY = "";
				DEFINES_MODULE = YES;
				DYLIB_COMPATIBILITY_VERSION = 1;
				DYLIB_CURRENT_VERSION = 1;
				DYLIB_INSTALL_NAME_BASE = "@rpath";
				INFOPLIST_FILE = DTSBEC/Info.plist;
				INSTALL_PATH = "$(LOCAL_LIBRARY_DIR)/Frameworks";
				LD_RUNPATH_SEARCH_PATHS = "$(inherited) @executable_path/Frameworks @loader_path/Frameworks";
				MACH_O_TYPE = staticlib;
				PRODUCT_BUNDLE_IDENTIFIER = com.dengtacj.DTSBEC;
				PRODUCT_NAME = "$(TARGET_NAME)";
				SKIP_INSTALL = YES;
			};
			name = Debug;
		};
		BB3DCD2B1E66CC8B008BDFA4 /* Release */ = {
			isa = XCBuildConfiguration;
			baseConfigurationReference = BA09EB6867A7470B57778619 /* Pods-DTSBEC.release.xcconfig */;
			buildSettings = {
				CODE_SIGN_IDENTITY = "";
				DEFINES_MODULE = YES;
				DYLIB_COMPATIBILITY_VERSION = 1;
				DYLIB_CURRENT_VERSION = 1;
				DYLIB_INSTALL_NAME_BASE = "@rpath";
				INFOPLIST_FILE = DTSBEC/Info.plist;
				INSTALL_PATH = "$(LOCAL_LIBRARY_DIR)/Frameworks";
				LD_RUNPATH_SEARCH_PATHS = "$(inherited) @executable_path/Frameworks @loader_path/Frameworks";
				MACH_O_TYPE = staticlib;
				PRODUCT_BUNDLE_IDENTIFIER = com.dengtacj.DTSBEC;
				PRODUCT_NAME = "$(TARGET_NAME)";
				SKIP_INSTALL = YES;
			};
			name = Release;
		};
/* End XCBuildConfiguration section */

/* Begin XCConfigurationList section */
		BB3DCD1B1E66CC8A008BDFA4 /* Build configuration list for PBXProject "DTSBEC" */ = {
			isa = XCConfigurationList;
			buildConfigurations = (
				BB3DCD271E66CC8B008BDFA4 /* Debug */,
				BB3DCD281E66CC8B008BDFA4 /* Release */,
			);
			defaultConfigurationIsVisible = 0;
			defaultConfigurationName = Release;
		};
		BB3DCD291E66CC8B008BDFA4 /* Build configuration list for PBXNativeTarget "DTSBEC" */ = {
			isa = XCConfigurationList;
			buildConfigurations = (
				BB3DCD2A1E66CC8B008BDFA4 /* Debug */,
				BB3DCD2B1E66CC8B008BDFA4 /* Release */,
			);
			defaultConfigurationIsVisible = 0;
			defaultConfigurationName = Release;
		};
/* End XCConfigurationList section */
	};
	rootObject = BB3DCD181E66CC8A008BDFA4 /* Project object */;
}
